
Microsoft Visual Studio Solution File, Format Version 12.00
# Visual Studio Version 17
VisualStudioVersion = 17.2.32516.85
MinimumVisualStudioVersion = 10.0.40219.1
Project("{FAE04EC0-301F-11D3-BF4B-00C04F79EFBC}") = "BasktballExampleForms", "BasktballExampleForms\BasktballExampleForms.csproj", "{268BAEE6-9C45-407C-A73E-6FC9DF860FB1}"
EndProject
Global
	GlobalSection(SolutionConfigurationPlatforms) = preSolution
		Debug|Any CPU = Debug|Any CPU
		Release|Any CPU = Release|Any CPU
	EndGlobalSection
	GlobalSection(ProjectConfigurationPlatforms) = postSolution
		{268BAEE6-9C45-407C-A73E-6FC9DF860FB1}.Debug|Any CPU.ActiveCfg = Debug|Any CPU
		{268BAEE6-9C45-407C-A73E-6FC9DF860FB1}.Debug|Any CPU.Build.0 = Debug|Any CPU
		{268BAEE6-9C45-407C-A73E-6FC9DF860FB1}.Release|Any CPU.ActiveCfg = Release|Any CPU
		{268BAEE6-9C45-407C-A73E-6FC9DF860FB1}.Release|Any CPU.Build.0 = Release|Any CPU
	EndGlobalSection
	GlobalSection(SolutionProperties) = preSolution
		HideSolutionNode = FALSE
	EndGlobalSection
	GlobalSection(ExtensibilityGlobals) = postSolution
		SolutionGuid = {07F176F6-2182-4125-8ECD-525EE8B256FF}
	EndGlobalSection
EndGlobal
